PODS:
  - CCBottomRefreshControl (0.5.2)
  - RangeSeekSlider (1.8.0)
  - SwipeCellKit (2.7.1)
  - VICMAImageView (1.0)

DEPENDENCIES:
  - CCBottomRefreshControl
  - RangeSeekSlider
  - SwipeCellKit (from `https://github.com/SwipeCellKit/SwipeCellKit.git`, branch `develop`)
  - VICMAImageView (~> 1.0)

SPEC REPOS:
  trunk:
    - CCBottomRefreshControl
    - RangeSeekSlider
    - VICMAImageView

EXTERNAL SOURCES:
  SwipeCellKit:
    :branch: develop
    :git: https://github.com/SwipeCellKit/SwipeCellKit.git

CHECKOUT OPTIONS:
  SwipeCellKit:
    :commit: 6d632bdf1b7309505566b0248a00f61b67415a37
    :git: https://github.com/SwipeCellKit/SwipeCellKit.git

SPEC CHECKSUMS:
  CCBottomRefreshControl: 389780b4488321c91d18f66a6da5ef9606df6de5
  RangeSeekSlider: 650b11fa1edcb92e1e0ede797669d98622570fb5
  SwipeCellKit: 3972254a826da74609926daf59b08d6c72e619ea
  VICMAImageView: 9f1811d4482ebe37b7eb09f640018554a81a21b2

PODFILE CHECKSUM: d3d7e5183c39433a9fb09e687e490181a6c7e0c6

COCOAPODS: 1.10.1
